
Microsoft Visual Studio Solution File, Format Version 12.00
# Visual Studio 15
VisualStudioVersion = 15.0.28307.1500
MinimumVisualStudioVersion = 10.0.40219.1
Project("{8BC9CEB8-8B4A-11D0-8D11-00A0C91BC942}") = "MyFileSystem", "MyFileSystem.vcxproj", "{ED7EEA40-8991-49B4-BE4D-F3BB9E8BA031}"
EndProject
Global
	GlobalSection(SolutionConfigurationPlatforms) = preSolution
		Debug|x64 = Debug|x64
		Debug|x86 = Debug|x86
		Release|x64 = Release|x64
		Release|x86 = Release|x86
	EndGlobalSection
	GlobalSection(ProjectConfigurationPlatforms) = postSolution
		{ED7EEA40-8991-49B4-BE4D-F3BB9E8BA031}.Debug|x64.ActiveCfg = Debug|x64
		{ED7EEA40-8991-49B4-BE4D-F3BB9E8BA031}.Debug|x64.Build.0 = Debug|x64
		{ED7EEA40-8991-49B4-BE4D-F3BB9E8BA031}.Debug|x86.ActiveCfg = Debug|Win32
		{ED7EEA40-8991-49B4-BE4D-F3BB9E8BA031}.Debug|x86.Build.0 = Debug|Win32
		{ED7EEA40-8991-49B4-BE4D-F3BB9E8BA031}.Release|x64.ActiveCfg = Release|x64
		{ED7EEA40-8991-49B4-BE4D-F3BB9E8BA031}.Release|x64.Build.0 = Release|x64
		{ED7EEA40-8991-49B4-BE4D-F3BB9E8BA031}.Release|x86.ActiveCfg = Release|Win32
		{ED7EEA40-8991-49B4-BE4D-F3BB9E8BA031}.Release|x86.Build.0 = Release|Win32
	EndGlobalSection
	GlobalSection(SolutionProperties) = preSolution
		HideSolutionNode = FALSE
	EndGlobalSection
	GlobalSection(ExtensibilityGlobals) = postSolution
		SolutionGuid = {CA8B50A8-83EF-4818-AAB9-967F9A9F8501}
	EndGlobalSection
EndGlobal
